
Microsoft Visual Studio Solution File, Format Version 12.00
# Visual Studio Version 17
VisualStudioVersion = 17.4.33205.214
MinimumVisualStudioVersion = 10.0.40219.1
Project("{FAE04EC0-301F-11D3-BF4B-00C04F79EFBC}") = "Homework for 30.01.", "..\Homework for 30.01\Homework for 30.01\Homework for 30.01..csproj", "{A66620C1-1270-4721-BB0F-D9E698297436}"
EndProject
Global
	GlobalSection(SolutionConfigurationPlatforms) = preSolution
		Debug|Any CPU = Debug|Any CPU
		Release|Any CPU = Release|Any CPU
	EndGlobalSection
	GlobalSection(ProjectConfigurationPlatforms) = postSolution
		{A66620C1-1270-4721-BB0F-D9E698297436}.Debug|Any CPU.ActiveCfg = Debug|Any CPU
		{A66620C1-1270-4721-BB0F-D9E698297436}.Debug|Any CPU.Build.0 = Debug|Any CPU
		{A66620C1-1270-4721-BB0F-D9E698297436}.Release|Any CPU.ActiveCfg = Release|Any CPU
		{A66620C1-1270-4721-BB0F-D9E698297436}.Release|Any CPU.Build.0 = Release|Any CPU
	EndGlobalSection
	GlobalSection(SolutionProperties) = preSolution
		HideSolutionNode = FALSE
	EndGlobalSection
	GlobalSection(ExtensibilityGlobals) = postSolution
		SolutionGuid = {6F7129C3-E811-4F3B-B256-069C85ACE941}
	EndGlobalSection
EndGlobal
